
Microsoft Visual Studio Solution File, Format Version 12.00
# Visual Studio Version 17
VisualStudioVersion = 17.0.31912.275
MinimumVisualStudioVersion = 10.0.40219.1
Project("{FAE04EC0-301F-11D3-BF4B-00C04F79EFBC}") = "DOTNET-RPG", "DOTNET-RPG\DOTNET-RPG.csproj", "{0B155E8D-4902-43FB-9F30-F5F152DDF47F}"
EndProject
Global
	GlobalSection(SolutionConfigurationPlatforms) = preSolution
		Debug|Any CPU = Debug|Any CPU
		Release|Any CPU = Release|Any CPU
	EndGlobalSection
	GlobalSection(ProjectConfigurationPlatforms) = postSolution
		{0B155E8D-4902-43FB-9F30-F5F152DDF47F}.Debug|Any CPU.ActiveCfg = Debug|Any CPU
		{0B155E8D-4902-43FB-9F30-F5F152DDF47F}.Debug|Any CPU.Build.0 = Debug|Any CPU
		{0B155E8D-4902-43FB-9F30-F5F152DDF47F}.Release|Any CPU.ActiveCfg = Release|Any CPU
		{0B155E8D-4902-43FB-9F30-F5F152DDF47F}.Release|Any CPU.Build.0 = Release|Any CPU
	EndGlobalSection
	GlobalSection(SolutionProperties) = preSolution
		HideSolutionNode = FALSE
	EndGlobalSection
	GlobalSection(ExtensibilityGlobals) = postSolution
		SolutionGuid = {AEB915E2-9098-4726-B02C-33F88F995A52}
	EndGlobalSection
EndGlobal
